// !$*UTF8*$!
{
	archiveVersion = 1;
	classes = {
	};
	objectVersion = 50;
	objects = {

/* Begin PBXBuildFile section */
		A54B838A2617F2BB003DE8E0 /* AppDelegate.swift in Sources */ = {isa = PBXBuildFile; fileRef = A54B83892617F2BB003DE8E0 /* AppDelegate.swift */; };
		A54B838C2617F2BB003DE8E0 /* SceneDelegate.swift in Sources */ = {isa = PBXBuildFile; fileRef = A54B838B2617F2BB003DE8E0 /* SceneDelegate.swift */; };
		A54B838E2617F2BB003DE8E0 /* ViewController.swift in Sources */ = {isa = PBXBuildFile; fileRef = A54B838D2617F2BB003DE8E0 /* ViewController.swift */; };
		A54B83912617F2BB003DE8E0 /* Main.storyboard in Resources */ = {isa = PBXBuildFile; fileRef = A54B838F2617F2BB003DE8E0 /* Main.storyboard */; };
		A54B83932617F2BC003DE8E0 /* Assets.xcassets in Resources */ = {isa = PBXBuildFile; fileRef = A54B83922617F2BC003DE8E0 /* Assets.xcassets */; };
		A54B83962617F2BC003DE8E0 /* LaunchScreen.storyboard in Resources */ = {isa = PBXBuildFile; fileRef = A54B83942617F2BC003DE8E0 /* LaunchScreen.storyboard */; };
/* End PBXBuildFile section */

/* Begin PBXFileReference section */
		A54B83862617F2BB003DE8E0 /* RollADice.app */ = {isa = PBXFileReference; explicitFileType = wrapper.application; includeInIndex = 0; path = RollADice.app; sourceTree = BUILT_PRODUCTS_DIR; };
		A54B83892617F2BB003DE8E0 /* AppDelegate.swift */ = {isa = PBXFileReference; lastKnownFileType = sourcecode.swift; path = AppDelegate.swift; sourceTree = "<group>"; };
		A54B838B2617F2BB003DE8E0 /* SceneDelegate.swift */ = {isa = PBXFileReference; lastKnownFileType = sourcecode.swift; path = SceneDelegate.swift; sourceTree = "<group>"; };
		A54B838D2617F2BB003DE8E0 /* ViewController.swift */ = {isa = PBXFileReference; lastKnownFileType = sourcecode.swift; path = ViewController.swift; sourceTree = "<group>"; };
		A54B83902617F2BB003DE8E0 /* Base */ = {isa = PBXFileReference; lastKnownFileType = file.storyboard; name = Base; path = Base.lproj/Main.storyboard; sourceTree = "<group>"; };
		A54B83922617F2BC003DE8E0 /* Assets.xcassets */ = {isa = PBXFileReference; lastKnownFileType = folder.assetcatalog; path = Assets.xcassets; sourceTree = "<group>"; };
		A54B83952617F2BC003DE8E0 /* Base */ = {isa = PBXFileReference; lastKnownFileType = file.storyboard; name = Base; path = Base.lproj/LaunchScreen.storyboard; sourceTree = "<group>"; };
		A54B83972617F2BC003DE8E0 /* Info.plist */ = {isa = PBXFileReference; lastKnownFileType = text.plist.xml; path = Info.plist; sourceTree = "<group>"; };
/* End PBXFileReference section */

/* Begin PBXFrameworksBuildPhase section */
		A54B83832617F2BA003DE8E0 /* Frameworks */ = {
			isa = PBXFrameworksBuildPhase;
			buildActionMask = 2147483647;
			files = (
			);
			runOnlyForDeploymentPostprocessing = 0;
		};
/* End PBXFrameworksBuildPhase section */

/* Begin PBXGroup section */
		A54B837D2617F2BA003DE8E0 = {
			isa = PBXGroup;
			children = (
				A54B83882617F2BB003DE8E0 /* RollADice */,
				A54B83872617F2BB003DE8E0 /* Products */,
			);
			sourceTree = "<group>";
		};
		A54B83872617F2BB003DE8E0 /* Products */ = {
			isa = PBXGroup;
			children = (
				A54B83862617F2BB003DE8E0 /* RollADice.app */,
			);
			name = Products;
			sourceTree = "<group>";
		};
		A54B83882617F2BB003DE8E0 /* RollADice */ = {
			isa = PBXGroup;
			children = (
				A54B83892617F2BB003DE8E0 /* AppDelegate.swift */,
				A54B838B2617F2BB003DE8E0 /* SceneDelegate.swift */,
				A54B838D2617F2BB003DE8E0 /* ViewController.swift */,
				A54B838F2617F2BB003DE8E0 /* Main.storyboard */,
				A54B83922617F2BC003DE8E0 /* Assets.xcassets */,
				A54B83942617F2BC003DE8E0 /* LaunchScreen.storyboard */,
				A54B83972617F2BC003DE8E0 /* Info.plist */,
			);
			path = RollADice;
			sourceTree = "<group>";
		};
/* End PBXGroup section */

/* Begin PBXNativeTarget section */
		A54B83852617F2BA003DE8E0 /* RollADice */ = {
			isa = PBXNativeTarget;
			buildConfigurationList = A54B839A2617F2BC003DE8E0 /* Build configuration list for PBXNativeTarget "RollADice" */;
			buildPhases = (
				A54B83822617F2BA003DE8E0 /* Sources */,
				A54B83832617F2BA003DE8E0 /* Frameworks */,
				A54B83842617F2BA003DE8E0 /* Resources */,
			);
			buildRules = (
			);
			dependencies = (
			);
			name = RollADice;
			productName = RollADice;
			productReference = A54B83862617F2BB003DE8E0 /* RollADice.app */;
			productType = "com.apple.product-type.application";
		};
/* End PBXNativeTarget section */

/* Begin PBXProject section */
		A54B837E2617F2BA003DE8E0 /* Project object */ = {
			isa = PBXProject;
			attributes = {
				LastSwiftUpdateCheck = 1230;
				LastUpgradeCheck = 1230;
				TargetAttributes = {
					A54B83852617F2BA003DE8E0 = {
						CreatedOnToolsVersion = 12.3;
					};
				};
			};
			buildConfigurationList = A54B83812617F2BA003DE8E0 /* Build configuration list for PBXProject "RollADice" */;
			compatibilityVersion = "Xcode 9.3";
			developmentRegion = en;
			hasScannedForEncodings = 0;
			knownRegions = (
				en,
				Base,
			);
			mainGroup = A54B837D2617F2BA003DE8E0;
			productRefGroup = A54B83872617F2BB003DE8E0 /* Products */;
			projectDirPath = "";
			projectRoot = "";
			targets = (
				A54B83852617F2BA003DE8E0 /* RollADice */,
			);
		};
/* End PBXProject section */

/* Begin PBXResourcesBuildPhase section */
		A54B83842617F2BA003DE8E0 /* Resources */ = {
			isa = PBXResourcesBuildPhase;
			buildActionMask = 2147483647;
			files = (
				A54B83962617F2BC003DE8E0 /* LaunchScreen.storyboard in Resources */,
				A54B83932617F2BC003DE8E0 /* Assets.xcassets in Resources */,
				A54B83912617F2BB003DE8E0 /* Main.storyboard in Resources */,
			);
			runOnlyForDeploymentPostprocessing = 0;
		};
/* End PBXResourcesBuildPhase section */

/* Begin PBXSourcesBuildPhase section */
		A54B83822617F2BA003DE8E0 /* Sources */ = {
			isa = PBXSourcesBuildPhase;
			buildActionMask = 2147483647;
			files = (
				A54B838E2617F2BB003DE8E0 /* ViewController.swift in Sources */,
				A54B838A2617F2BB003DE8E0 /* AppDelegate.swift in Sources */,
				A54B838C2617F2BB003DE8E0 /* SceneDelegate.swift in Sources */,
			);
			runOnlyForDeploymentPostprocessing = 0;
		};
/* End PBXSourcesBuildPhase section */

/* Begin PBXVariantGroup section */
		A54B838F2617F2BB003DE8E0 /* Main.storyboard */ = {
			isa = PBXVariantGroup;
			children = (
				A54B83902617F2BB003DE8E0 /* Base */,
			);
			name = Main.storyboard;
			sourceTree = "<group>";
		};
		A54B83942617F2BC003DE8E0 /* LaunchScreen.storyboard */ = {
			isa = PBXVariantGroup;
			children = (
				A54B83952617F2BC003DE8E0 /* Base */,
			);
			name = LaunchScreen.storyboard;
			sourceTree = "<group>";
		};
/* End PBXVariantGroup section */

/* Begin XCBuildConfiguration section */
		A54B83982617F2BC003DE8E0 /* Debug */ = {
			isa = XCBuildConfiguration;
			buildSettings = {
				ALWAYS_SEARCH_USER_PATHS = NO;
				CLANG_ANALYZER_NONNULL = YES;
				CLANG_ANALYZER_NUMBER_OBJECT_CONVERSION = YES_AGGRESSIVE;
				CLANG_CXX_LANGUAGE_STANDARD = "gnu++14";
				CLANG_CXX_LIBRARY = "libc++";
				CLANG_ENABLE_MODULES = YES;
				CLANG_ENABLE_OBJC_ARC = YES;
				CLANG_ENABLE_OBJC_WEAK = YES;
				CLANG_WARN_BLOCK_CAPTURE_AUTORELEASING = YES;
				CLANG_WARN_BOOL_CONVERSION = YES;
				CLANG_WARN_COMMA = YES;
				CLANG_WARN_CONSTANT_CONVERSION = YES;
				CLANG_WARN_DEPRECATED_OBJC_IMPLEMENTATIONS = YES;
				CLANG_WARN_DIRECT_OBJC_ISA_USAGE = YES_ERROR;
				CLANG_WARN_DOCUMENTATION_COMMENTS = YES;
				CLANG_WARN_EMPTY_BODY = YES;
				CLANG_WARN_ENUM_CONVERSION = YES;
				CLANG_WARN_INFINITE_RECURSION = YES;
				CLANG_WARN_INT_CONVERSION = YES;
				CLANG_WARN_NON_LITERAL_NULL_CONVERSION = YES;
				CLANG_WARN_OBJC_IMPLICIT_RETAIN_SELF = YES;
				CLANG_WARN_OBJC_LITERAL_CONVERSION = YES;
				CLANG_WARN_OBJC_ROOT_CLASS = YES_ERROR;
				CLANG_WARN_QUOTED_INCLUDE_IN_FRAMEWORK_HEADER = YES;
				CLANG_WARN_RANGE_LOOP_ANALYSIS = YES;
				CLANG_WARN_STRICT_PROTOTYPES = YES;
				CLANG_WARN_SUSPICIOUS_MOVE = YES;
				CLANG_WARN_UNGUARDED_AVAILABILITY = YES_AGGRESSIVE;
				CLANG_WARN_UNREACHABLE_CODE = YES;
				CLANG_WARN__DUPLICATE_METHOD_MATCH = YES;
				COPY_PHASE_STRIP = NO;
				DEBUG_INFORMATION_FORMAT = dwarf;
				ENABLE_STRICT_OBJC_MSGSEND = YES;
				ENABLE_TESTABILITY = YES;
				GCC_C_LANGUAGE_STANDARD = gnu11;
				GCC_DYNAMIC_NO_PIC = NO;
				GCC_NO_COMMON_BLOCKS = YES;
				GCC_OPTIMIZATION_LEVEL = 0;
				GCC_PREPROCESSOR_DEFINITIONS = (
					"DEBUG=1",
					"$(inherited)",
				);
				GCC_WARN_64_TO_32_BIT_CONVERSION = YES;
				GCC_WARN_ABOUT_RETURN_TYPE = YES_ERROR;
				GCC_WARN_UNDECLARED_SELECTOR = YES;
				GCC_WARN_UNINITIALIZED_AUTOS = YES_AGGRESSIVE;
				GCC_WARN_UNUSED_FUNCTION = YES;
				GCC_WARN_UNUSED_VARIABLE = YES;
				IPHONEOS_DEPLOYMENT_TARGET = 14.3;
				MTL_ENABLE_DEBUG_INFO = INCLUDE_SOURCE;
				MTL_FAST_MATH = YES;
				ONLY_ACTIVE_ARCH = YES;
				SDKROOT = iphoneos;
				SWIFT_ACTIVE_COMPILATION_CONDITIONS = DEBUG;
				SWIFT_OPTIMIZATION_LEVEL = "-Onone";
			};
			name = Debug;
		};
		A54B83992617F2BC003DE8E0 /* Release */ = {
			isa = XCBuildConfiguration;
			buildSettings = {
				ALWAYS_SEARCH_USER_PATHS = NO;
				CLANG_ANALYZER_NONNULL = YES;
				CLANG_ANALYZER_NUMBER_OBJECT_CONVERSION = YES_AGGRESSIVE;
				CLANG_CXX_LANGUAGE_STANDARD = "gnu++14";
				CLANG_CXX_LIBRARY = "libc++";
				CLANG_ENABLE_MODULES = YES;
				CLANG_ENABLE_OBJC_ARC = YES;
				CLANG_ENABLE_OBJC_WEAK = YES;
				CLANG_WARN_BLOCK_CAPTURE_AUTORELEASING = YES;
				CLANG_WARN_BOOL_CONVERSION = YES;
				CLANG_WARN_COMMA = YES;
				CLANG_WARN_CONSTANT_CONVERSION = YES;
				CLANG_WARN_DEPRECATED_OBJC_IMPLEMENTATIONS = YES;
				CLANG_WARN_DIRECT_OBJC_ISA_USAGE = YES_ERROR;
				CLANG_WARN_DOCUMENTATION_COMMENTS = YES;
				CLANG_WARN_EMPTY_BODY = YES;
				CLANG_WARN_ENUM_CONVERSION = YES;
				CLANG_WARN_INFINITE_RECURSION = YES;
				CLANG_WARN_INT_CONVERSION = YES;
				CLANG_WARN_NON_LITERAL_NULL_CONVERSION = YES;
				CLANG_WARN_OBJC_IMPLICIT_RETAIN_SELF = YES;
				CLANG_WARN_OBJC_LITERAL_CONVERSION = YES;
				CLANG_WARN_OBJC_ROOT_CLASS = YES_ERROR;
				CLANG_WARN_QUOTED_INCLUDE_IN_FRAMEWORK_HEADER = YES;
				CLANG_WARN_RANGE_LOOP_ANALYSIS = YES;
				CLANG_WARN_STRICT_PROTOTYPES = YES;
				CLANG_WARN_SUSPICIOUS_MOVE = YES;
				CLANG_WARN_UNGUARDED_AVAILABILITY = YES_AGGRESSIVE;
				CLANG_WARN_UNREACHABLE_CODE = YES;
				CLANG_WARN__DUPLICATE_METHOD_MATCH = YES;
				COPY_PHASE_STRIP = NO;
				DEBUG_INFORMATION_FORMAT = "dwarf-with-dsym";
				ENABLE_NS_ASSERTIONS = NO;
				ENABLE_STRICT_OBJC_MSGSEND = YES;
				GCC_C_LANGUAGE_STANDARD = gnu11;
				GCC_NO_COMMON_BLOCKS = YES;
				GCC_WARN_64_TO_32_BIT_CONVERSION = YES;
				GCC_WARN_ABOUT_RETURN_TYPE = YES_ERROR;
				GCC_WARN_UNDECLARED_SELECTOR = YES;
				GCC_WARN_UNINITIALIZED_AUTOS = YES_AGGRESSIVE;
				GCC_WARN_UNUSED_FUNCTION = YES;
				GCC_WARN_UNUSED_VARIABLE = YES;
				IPHONEOS_DEPLOYMENT_TARGET = 14.3;
				MTL_ENABLE_DEBUG_INFO = NO;
				MTL_FAST_MATH = YES;
				SDKROOT = iphoneos;
				SWIFT_COMPILATION_MODE = wholemodule;
				SWIFT_OPTIMIZATION_LEVEL = "-O";
				VALIDATE_PRODUCT = YES;
			};
			name = Release;
		};
		A54B839B2617F2BC003DE8E0 /* Debug */ = {
			isa = XCBuildConfiguration;
			buildSettings = {
				ASSETCATALOG_COMPILER_APPICON_NAME = AppIcon;
				ASSETCATALOG_COMPILER_GLOBAL_ACCENT_COLOR_NAME = AccentColor;
				CODE_SIGN_STYLE = Automatic;
				INFOPLIST_FILE = RollADice/Info.plist;
				LD_RUNPATH_SEARCH_PATHS = (
					"$(inherited)",
					"@executable_path/Frameworks",
				);
				PRODUCT_BUNDLE_IDENTIFIER = MAGIC.RollADice;
				PRODUCT_NAME = "$(TARGET_NAME)";
				SWIFT_VERSION = 5.0;
				TARGETED_DEVICE_FAMILY = "1,2";
			};
			name = Debug;
		};
		A54B839C2617F2BC003DE8E0 /* Release */ = {
			isa = XCBuildConfiguration;
			buildSettings = {
				ASSETCATALOG_COMPILER_APPICON_NAME = AppIcon;
				ASSETCATALOG_COMPILER_GLOBAL_ACCENT_COLOR_NAME = AccentColor;
				CODE_SIGN_STYLE = Automatic;
				INFOPLIST_FILE = RollADice/Info.plist;
				LD_RUNPATH_SEARCH_PATHS = (
					"$(inherited)",
					"@executable_path/Frameworks",
				);
				PRODUCT_BUNDLE_IDENTIFIER = MAGIC.RollADice;
				PRODUCT_NAME = "$(TARGET_NAME)";
				SWIFT_VERSION = 5.0;
				TARGETED_DEVICE_FAMILY = "1,2";
			};
			name = Release;
		};
/* End XCBuildConfiguration section */

/* Begin XCConfigurationList section */
		A54B83812617F2BA003DE8E0 /* Build configuration list for PBXProject "RollADice" */ = {
			isa = XCConfigurationList;
			buildConfigurations = (
				A54B83982617F2BC003DE8E0 /* Debug */,
				A54B83992617F2BC003DE8E0 /* Release */,
			);
			defaultConfigurationIsVisible = 0;
			defaultConfigurationName = Release;
		};
		A54B839A2617F2BC003DE8E0 /* Build configuration list for PBXNativeTarget "RollADice" */ = {
			isa = XCConfigurationList;
			buildConfigurations = (
				A54B839B2617F2BC003DE8E0 /* Debug */,
				A54B839C2617F2BC003DE8E0 /* Release */,
			);
			defaultConfigurationIsVisible = 0;
			defaultConfigurationName = Release;
		};
/* End XCConfigurationList section */
	};
	rootObject = A54B837E2617F2BA003DE8E0 /* Project object */;
}
